
Microsoft Visual Studio Solution File, Format Version 12.00
# Visual Studio Version 16
VisualStudioVersion = 16.0.32228.343
MinimumVisualStudioVersion = 10.0.40219.1
Project("{FAE04EC0-301F-11D3-BF4B-00C04F79EFBC}") = "TETRIS", "TETRIS\TETRIS.csproj", "{B7930ED2-D274-4803-909F-472E527AFF26}"
EndProject
Global
	GlobalSection(SolutionConfigurationPlatforms) = preSolution
		Debug|Any CPU = Debug|Any CPU
		Release|Any CPU = Release|Any CPU
	EndGlobalSection
	GlobalSection(ProjectConfigurationPlatforms) = postSolution
		{B7930ED2-D274-4803-909F-472E527AFF26}.Debug|Any CPU.ActiveCfg = Debug|Any CPU
		{B7930ED2-D274-4803-909F-472E527AFF26}.Debug|Any CPU.Build.0 = Debug|Any CPU
		{B7930ED2-D274-4803-909F-472E527AFF26}.Release|Any CPU.ActiveCfg = Release|Any CPU
		{B7930ED2-D274-4803-909F-472E527AFF26}.Release|Any CPU.Build.0 = Release|Any CPU
	EndGlobalSection
	GlobalSection(SolutionProperties) = preSolution
		HideSolutionNode = FALSE
	EndGlobalSection
	GlobalSection(ExtensibilityGlobals) = postSolution
		SolutionGuid = {048E10CB-8C1E-477C-8803-73B699666D4A}
	EndGlobalSection
EndGlobal
